# THIS IS AN AUTOGENERATED FILE. DO NOT EDIT THIS FILE DIRECTLY.
# yarn lockfile v1


"@types/localforage@^0.0.34":
  "integrity" "sha1-XjHDLdh5HsS5/z70fJy1Wy0NlDg="
  "resolved" "https://registry.npmjs.org/@types/localforage/-/localforage-0.0.34.tgz"
  "version" "0.0.34"
  dependencies:
    "localforage" "*"

"@types/node@^17.0.14":
  "integrity" "sha512-SbjLmERksKOGzWzPNuW7fJM7fk3YXVTFiZWB/Hs99gwhk+/dnrQRPBQjPW9aO+fi1tAffi9PrwFvsmOKmDTyng=="
  "resolved" "https://registry.npmjs.org/@types/node/-/node-17.0.14.tgz"
  "version" "17.0.14"

"@types/sat@^0.0.31":
  "integrity" "sha512-P4SVw79XheP1p92useDVpLYYOUQ6lpw2L7IdQz4dD23DZ8DiC1STgPOh72hjR5IZJBPQbzlICAbmjCKbwyYuxg=="
  "resolved" "https://registry.npmjs.org/@types/sat/-/sat-0.0.31.tgz"
  "version" "0.0.31"

"immediate@~3.0.5":
  "integrity" "sha1-nbHb0Pr43m++D13V5Wu2BigN5ps="
  "resolved" "https://registry.npmjs.org/immediate/-/immediate-3.0.6.tgz"
  "version" "3.0.6"

"lie@3.1.1":
  "integrity" "sha1-mkNrLMd0bKWd56QfpGmz77dr2H4="
  "resolved" "https://registry.npmjs.org/lie/-/lie-3.1.1.tgz"
  "version" "3.1.1"
  dependencies:
    "immediate" "~3.0.5"

"localforage@*", "localforage@^1.9.0":
  "integrity" "sha512-14/H1aX7hzBBmmh7sGPd+AOMkkIrHM3Z1PAyGgZigA1H1p5O5ANnMyWzvpAETtG68/dC4pC0ncy3+PPGzXZHPg=="
  "resolved" "https://registry.npmjs.org/localforage/-/localforage-1.10.0.tgz"
  "version" "1.10.0"
  dependencies:
    "lie" "3.1.1"

"prettier@^2.5.1":
  "integrity" "sha512-vBZcPRUR5MZJwoyi3ZoyQlc1rXeEck8KgeC9AwwOn+exuxLxq5toTRDTSaVrXHxelDMHy9zlicw8u66yxoSUFg=="
  "resolved" "https://registry.npmjs.org/prettier/-/prettier-2.5.1.tgz"
  "version" "2.5.1"

"sat@^0.9.0":
  "integrity" "sha512-mxdv5RZJO4tdMnUURGU3gAMcnDUEwcNJwE+lPO0/V+rBeDvFLH3wEZEOR0fH7cTN0zQaNxBEbHnyQL9DzupwQQ=="
  "resolved" "https://registry.npmjs.org/sat/-/sat-0.9.0.tgz"
  "version" "0.9.0"

"tslib@^2.3.1":
  "integrity" "sha512-77EbyPPpMz+FRFRuAFlWMtmgUWGe9UOG2Z25NqCwiIjRhOf5iKGuzSe5P2w1laq+FkRy4p+PCuVkJSGkzTEKVw=="
  "resolved" "https://registry.npmjs.org/tslib/-/tslib-2.3.1.tgz"
  "version" "2.3.1"

"typescript@^4.7.0-dev.20220222":
  "integrity" "sha512-gm3f2mDGIHrWi8TKsgyl/FuwZWbsmXJ8FissebhjDsqjG37Wk5M1i6UN3iinUZkX3xVebZEWYR8y8sHKgaJO2Q=="
  "resolved" "https://registry.npmjs.org/typescript/-/typescript-4.7.0-dev.20220222.tgz"
  "version" "4.7.0-dev.20220222"
